// !$*UTF8*$!
{
	archiveVersion = 1;
	classes = {
	};
	objectVersion = 51;
	objects = {

/* Begin PBXBuildFile section */
		1852C81AFCEA98E111D3747F /* Pods_FourSquare.framework in Frameworks */ = {isa = PBXBuildFile; fileRef = 508F2E5752CCADA42E5FD61D /* Pods_FourSquare.framework */; };
		48752BD12486779600AF98A4 /* AppDelegate.swift in Sources */ = {isa = PBXBuildFile; fileRef = 48752BD02486779600AF98A4 /* AppDelegate.swift */; };
		48752BD32486779600AF98A4 /* SceneDelegate.swift in Sources */ = {isa = PBXBuildFile; fileRef = 48752BD22486779600AF98A4 /* SceneDelegate.swift */; };
		48752BD52486779600AF98A4 /* SignUpVC.swift in Sources */ = {isa = PBXBuildFile; fileRef = 48752BD42486779600AF98A4 /* SignUpVC.swift */; };
		48752BD82486779600AF98A4 /* Main.storyboard in Resources */ = {isa = PBXBuildFile; fileRef = 48752BD62486779600AF98A4 /* Main.storyboard */; };
		48752BDA2486779800AF98A4 /* Assets.xcassets in Resources */ = {isa = PBXBuildFile; fileRef = 48752BD92486779800AF98A4 /* Assets.xcassets */; };
		48752BDD2486779800AF98A4 /* LaunchScreen.storyboard in Resources */ = {isa = PBXBuildFile; fileRef = 48752BDB2486779800AF98A4 /* LaunchScreen.storyboard */; };
		48752BE5248A5A7E00AF98A4 /* PlacesVC.swift in Sources */ = {isa = PBXBuildFile; fileRef = 48752BE4248A5A7E00AF98A4 /* PlacesVC.swift */; };
		48752BE7248E23BD00AF98A4 /* AddPlaceVC.swift in Sources */ = {isa = PBXBuildFile; fileRef = 48752BE6248E23BD00AF98A4 /* AddPlaceVC.swift */; };
		48752BE9248E25FC00AF98A4 /* MapVC.swift in Sources */ = {isa = PBXBuildFile; fileRef = 48752BE8248E25FC00AF98A4 /* MapVC.swift */; };
		48752BEB248E304100AF98A4 /* DetailsVC.swift in Sources */ = {isa = PBXBuildFile; fileRef = 48752BEA248E304100AF98A4 /* DetailsVC.swift */; };
		48752BED248E985F00AF98A4 /* PlaceModel.swift in Sources */ = {isa = PBXBuildFile; fileRef = 48752BEC248E985F00AF98A4 /* PlaceModel.swift */; };
/* End PBXBuildFile section */

/* Begin PBXFileReference section */
		15E8E566598D90AB2D7A1C2E /* Pods-FourSquare.debug.xcconfig */ = {isa = PBXFileReference; includeInIndex = 1; lastKnownFileType = text.xcconfig; name = "Pods-FourSquare.debug.xcconfig"; path = "Target Support Files/Pods-FourSquare/Pods-FourSquare.debug.xcconfig"; sourceTree = "<group>"; };
		4616309A19D1F1357021F09F /* Pods-FourSquare.release.xcconfig */ = {isa = PBXFileReference; includeInIndex = 1; lastKnownFileType = text.xcconfig; name = "Pods-FourSquare.release.xcconfig"; path = "Target Support Files/Pods-FourSquare/Pods-FourSquare.release.xcconfig"; sourceTree = "<group>"; };
		48752BCD2486779600AF98A4 /* FourSquare.app */ = {isa = PBXFileReference; explicitFileType = wrapper.application; includeInIndex = 0; path = FourSquare.app; sourceTree = BUILT_PRODUCTS_DIR; };
		48752BD02486779600AF98A4 /* AppDelegate.swift */ = {isa = PBXFileReference; lastKnownFileType = sourcecode.swift; path = AppDelegate.swift; sourceTree = "<group>"; };
		48752BD22486779600AF98A4 /* SceneDelegate.swift */ = {isa = PBXFileReference; lastKnownFileType = sourcecode.swift; path = SceneDelegate.swift; sourceTree = "<group>"; };
		48752BD42486779600AF98A4 /* SignUpVC.swift */ = {isa = PBXFileReference; lastKnownFileType = sourcecode.swift; path = SignUpVC.swift; sourceTree = "<group>"; };
		48752BD72486779600AF98A4 /* Base */ = {isa = PBXFileReference; lastKnownFileType = file.storyboard; name = Base; path = Base.lproj/Main.storyboard; sourceTree = "<group>"; };
		48752BD92486779800AF98A4 /* Assets.xcassets */ = {isa = PBXFileReference; lastKnownFileType = folder.assetcatalog; path = Assets.xcassets; sourceTree = "<group>"; };
		48752BDC2486779800AF98A4 /* Base */ = {isa = PBXFileReference; lastKnownFileType = file.storyboard; name = Base; path = Base.lproj/LaunchScreen.storyboard; sourceTree = "<group>"; };
		48752BDE2486779800AF98A4 /* Info.plist */ = {isa = PBXFileReference; lastKnownFileType = text.plist.xml; path = Info.plist; sourceTree = "<group>"; };
		48752BE4248A5A7E00AF98A4 /* PlacesVC.swift */ = {isa = PBXFileReference; lastKnownFileType = sourcecode.swift; path = PlacesVC.swift; sourceTree = "<group>"; };
		48752BE6248E23BD00AF98A4 /* AddPlaceVC.swift */ = {isa = PBXFileReference; lastKnownFileType = sourcecode.swift; path = AddPlaceVC.swift; sourceTree = "<group>"; };
		48752BE8248E25FC00AF98A4 /* MapVC.swift */ = {isa = PBXFileReference; lastKnownFileType = sourcecode.swift; path = MapVC.swift; sourceTree = "<group>"; };
		48752BEA248E304100AF98A4 /* DetailsVC.swift */ = {isa = PBXFileReference; lastKnownFileType = sourcecode.swift; path = DetailsVC.swift; sourceTree = "<group>"; };
		48752BEC248E985F00AF98A4 /* PlaceModel.swift */ = {isa = PBXFileReference; lastKnownFileType = sourcecode.swift; path = PlaceModel.swift; sourceTree = "<group>"; };
		508F2E5752CCADA42E5FD61D /* Pods_FourSquare.framework */ = {isa = PBXFileReference; explicitFileType = wrapper.framework; includeInIndex = 0; path = Pods_FourSquare.framework; sourceTree = BUILT_PRODUCTS_DIR; };
/* End PBXFileReference section */

/* Begin PBXFrameworksBuildPhase section */
		48752BCA2486779600AF98A4 /* Frameworks */ = {
			isa = PBXFrameworksBuildPhase;
			buildActionMask = 2147483647;
			files = (
				1852C81AFCEA98E111D3747F /* Pods_FourSquare.framework in Frameworks */,
			);
			runOnlyForDeploymentPostprocessing = 0;
		};
/* End PBXFrameworksBuildPhase section */

/* Begin PBXGroup section */
		385567B7502ADA49B35A5407 /* Frameworks */ = {
			isa = PBXGroup;
			children = (
				508F2E5752CCADA42E5FD61D /* Pods_FourSquare.framework */,
			);
			name = Frameworks;
			sourceTree = "<group>";
		};
		48752BC42486779600AF98A4 = {
			isa = PBXGroup;
			children = (
				48752BCF2486779600AF98A4 /* FourSquare */,
				48752BCE2486779600AF98A4 /* Products */,
				CCF99D0633D48693DCE32322 /* Pods */,
				385567B7502ADA49B35A5407 /* Frameworks */,
			);
			sourceTree = "<group>";
		};
		48752BCE2486779600AF98A4 /* Products */ = {
			isa = PBXGroup;
			children = (
				48752BCD2486779600AF98A4 /* FourSquare.app */,
			);
			name = Products;
			sourceTree = "<group>";
		};
		48752BCF2486779600AF98A4 /* FourSquare */ = {
			isa = PBXGroup;
			children = (
				48752BD02486779600AF98A4 /* AppDelegate.swift */,
				48752BD22486779600AF98A4 /* SceneDelegate.swift */,
				48752BD92486779800AF98A4 /* Assets.xcassets */,
				48752BDE2486779800AF98A4 /* Info.plist */,
				48752BEE248FBC7200AF98A4 /* Controller */,
				48752BF0248FBCAD00AF98A4 /* View */,
				48752BEF248FBC8B00AF98A4 /* Model */,
			);
			path = FourSquare;
			sourceTree = "<group>";
		};
		48752BEE248FBC7200AF98A4 /* Controller */ = {
			isa = PBXGroup;
			children = (
				48752BD42486779600AF98A4 /* SignUpVC.swift */,
				48752BEA248E304100AF98A4 /* DetailsVC.swift */,
				48752BE8248E25FC00AF98A4 /* MapVC.swift */,
				48752BE6248E23BD00AF98A4 /* AddPlaceVC.swift */,
				48752BE4248A5A7E00AF98A4 /* PlacesVC.swift */,
			);
			path = Controller;
			sourceTree = "<group>";
		};
		48752BEF248FBC8B00AF98A4 /* Model */ = {
			isa = PBXGroup;
			children = (
				48752BEC248E985F00AF98A4 /* PlaceModel.swift */,
			);
			path = Model;
			sourceTree = "<group>";
		};
		48752BF0248FBCAD00AF98A4 /* View */ = {
			isa = PBXGroup;
			children = (
				48752BD62486779600AF98A4 /* Main.storyboard */,
				48752BDB2486779800AF98A4 /* LaunchScreen.storyboard */,
			);
			path = View;
			sourceTree = "<group>";
		};
		CCF99D0633D48693DCE32322 /* Pods */ = {
			isa = PBXGroup;
			children = (
				15E8E566598D90AB2D7A1C2E /* Pods-FourSquare.debug.xcconfig */,
				4616309A19D1F1357021F09F /* Pods-FourSquare.release.xcconfig */,
			);
			path = Pods;
			sourceTree = "<group>";
		};
/* End PBXGroup section */

/* Begin PBXNativeTarget section */
		48752BCC2486779600AF98A4 /* FourSquare */ = {
			isa = PBXNativeTarget;
			buildConfigurationList = 48752BE12486779800AF98A4 /* Build configuration list for PBXNativeTarget "FourSquare" */;
			buildPhases = (
				D127AE4DFC5DFED76BA44B14 /* [CP] Check Pods Manifest.lock */,
				48752BC92486779600AF98A4 /* Sources */,
				48752BCA2486779600AF98A4 /* Frameworks */,
				48752BCB2486779600AF98A4 /* Resources */,
				0E28DD8DAABB3AF115E072F5 /* [CP] Embed Pods Frameworks */,
			);
			buildRules = (
			);
			dependencies = (
			);
			name = FourSquare;
			productName = FourSquare;
			productReference = 48752BCD2486779600AF98A4 /* FourSquare.app */;
			productType = "com.apple.product-type.application";
		};
/* End PBXNativeTarget section */

/* Begin PBXProject section */
		48752BC52486779600AF98A4 /* Project object */ = {
			isa = PBXProject;
			attributes = {
				LastSwiftUpdateCheck = 1140;
				LastUpgradeCheck = 1140;
				ORGANIZATIONNAME = "Emil Vaklinov";
				TargetAttributes = {
					48752BCC2486779600AF98A4 = {
						CreatedOnToolsVersion = 11.4.1;
					};
				};
			};
			buildConfigurationList = 48752BC82486779600AF98A4 /* Build configuration list for PBXProject "FourSquare" */;
			compatibilityVersion = "Xcode 9.3";
			developmentRegion = en;
			hasScannedForEncodings = 0;
			knownRegions = (
				en,
				Base,
			);
			mainGroup = 48752BC42486779600AF98A4;
			productRefGroup = 48752BCE2486779600AF98A4 /* Products */;
			projectDirPath = "";
			projectRoot = "";
			targets = (
				48752BCC2486779600AF98A4 /* FourSquare */,
			);
		};
/* End PBXProject section */

/* Begin PBXResourcesBuildPhase section */
		48752BCB2486779600AF98A4 /* Resources */ = {
			isa = PBXResourcesBuildPhase;
			buildActionMask = 2147483647;
			files = (
				48752BDD2486779800AF98A4 /* LaunchScreen.storyboard in Resources */,
				48752BDA2486779800AF98A4 /* Assets.xcassets in Resources */,
				48752BD82486779600AF98A4 /* Main.storyboard in Resources */,
			);
			runOnlyForDeploymentPostprocessing = 0;
		};
/* End PBXResourcesBuildPhase section */

/* Begin PBXShellScriptBuildPhase section */
		0E28DD8DAABB3AF115E072F5 /* [CP] Embed Pods Frameworks */ = {
			isa = PBXShellScriptBuildPhase;
			buildActionMask = 2147483647;
			files = (
			);
			inputFileListPaths = (
				"${PODS_ROOT}/Target Support Files/Pods-FourSquare/Pods-FourSquare-frameworks-${CONFIGURATION}-input-files.xcfilelist",
			);
			name = "[CP] Embed Pods Frameworks";
			outputFileListPaths = (
				"${PODS_ROOT}/Target Support Files/Pods-FourSquare/Pods-FourSquare-frameworks-${CONFIGURATION}-output-files.xcfilelist",
			);
			runOnlyForDeploymentPostprocessing = 0;
			shellPath = /bin/sh;
			shellScript = "\"${PODS_ROOT}/Target Support Files/Pods-FourSquare/Pods-FourSquare-frameworks.sh\"\n";
			showEnvVarsInLog = 0;
		};
		D127AE4DFC5DFED76BA44B14 /* [CP] Check Pods Manifest.lock */ = {
			isa = PBXShellScriptBuildPhase;
			buildActionMask = 2147483647;
			files = (
			);
			inputFileListPaths = (
			);
			inputPaths = (
				"${PODS_PODFILE_DIR_PATH}/Podfile.lock",
				"${PODS_ROOT}/Manifest.lock",
			);
			name = "[CP] Check Pods Manifest.lock";
			outputFileListPaths = (
			);
			outputPaths = (
				"$(DERIVED_FILE_DIR)/Pods-FourSquare-checkManifestLockResult.txt",
			);
			runOnlyForDeploymentPostprocessing = 0;
			shellPath = /bin/sh;
			shellScript = "diff \"${PODS_PODFILE_DIR_PATH}/Podfile.lock\" \"${PODS_ROOT}/Manifest.lock\" > /dev/null\nif [ $? != 0 ] ; then\n    # print error to STDERR\n    echo \"error: The sandbox is not in sync with the Podfile.lock. Run 'pod install' or update your CocoaPods installation.\" >&2\n    exit 1\nfi\n# This output is used by Xcode 'outputs' to avoid re-running this script phase.\necho \"SUCCESS\" > \"${SCRIPT_OUTPUT_FILE_0}\"\n";
			showEnvVarsInLog = 0;
		};
/* End PBXShellScriptBuildPhase section */

/* Begin PBXSourcesBuildPhase section */
		48752BC92486779600AF98A4 /* Sources */ = {
			isa = PBXSourcesBuildPhase;
			buildActionMask = 2147483647;
			files = (
				48752BD52486779600AF98A4 /* SignUpVC.swift in Sources */,
				48752BED248E985F00AF98A4 /* PlaceModel.swift in Sources */,
				48752BE9248E25FC00AF98A4 /* MapVC.swift in Sources */,
				48752BD12486779600AF98A4 /* AppDelegate.swift in Sources */,
				48752BE5248A5A7E00AF98A4 /* PlacesVC.swift in Sources */,
				48752BEB248E304100AF98A4 /* DetailsVC.swift in Sources */,
				48752BE7248E23BD00AF98A4 /* AddPlaceVC.swift in Sources */,
				48752BD32486779600AF98A4 /* SceneDelegate.swift in Sources */,
			);
			runOnlyForDeploymentPostprocessing = 0;
		};
/* End PBXSourcesBuildPhase section */

/* Begin PBXVariantGroup section */
		48752BD62486779600AF98A4 /* Main.storyboard */ = {
			isa = PBXVariantGroup;
			children = (
				48752BD72486779600AF98A4 /* Base */,
			);
			name = Main.storyboard;
			sourceTree = "<group>";
		};
		48752BDB2486779800AF98A4 /* LaunchScreen.storyboard */ = {
			isa = PBXVariantGroup;
			children = (
				48752BDC2486779800AF98A4 /* Base */,
			);
			name = LaunchScreen.storyboard;
			sourceTree = "<group>";
		};
/* End PBXVariantGroup section */

/* Begin XCBuildConfiguration section */
		48752BDF2486779800AF98A4 /* Debug */ = {
			isa = XCBuildConfiguration;
			buildSettings = {
				ALWAYS_SEARCH_USER_PATHS = NO;
				CLANG_ANALYZER_NONNULL = YES;
				CLANG_ANALYZER_NUMBER_OBJECT_CONVERSION = YES_AGGRESSIVE;
				CLANG_CXX_LANGUAGE_STANDARD = "gnu++14";
				CLANG_CXX_LIBRARY = "libc++";
				CLANG_ENABLE_MODULES = YES;
				CLANG_ENABLE_OBJC_ARC = YES;
				CLANG_ENABLE_OBJC_WEAK = YES;
				CLANG_WARN_BLOCK_CAPTURE_AUTORELEASING = YES;
				CLANG_WARN_BOOL_CONVERSION = YES;
				CLANG_WARN_COMMA = YES;
				CLANG_WARN_CONSTANT_CONVERSION = YES;
				CLANG_WARN_DEPRECATED_OBJC_IMPLEMENTATIONS = YES;
				CLANG_WARN_DIRECT_OBJC_ISA_USAGE = YES_ERROR;
				CLANG_WARN_DOCUMENTATION_COMMENTS = YES;
				CLANG_WARN_EMPTY_BODY = YES;
				CLANG_WARN_ENUM_CONVERSION = YES;
				CLANG_WARN_INFINITE_RECURSION = YES;
				CLANG_WARN_INT_CONVERSION = YES;
				CLANG_WARN_NON_LITERAL_NULL_CONVERSION = YES;
				CLANG_WARN_OBJC_IMPLICIT_RETAIN_SELF = YES;
				CLANG_WARN_OBJC_LITERAL_CONVERSION = YES;
				CLANG_WARN_OBJC_ROOT_CLASS = YES_ERROR;
				CLANG_WARN_RANGE_LOOP_ANALYSIS = YES;
				CLANG_WARN_STRICT_PROTOTYPES = YES;
				CLANG_WARN_SUSPICIOUS_MOVE = YES;
				CLANG_WARN_UNGUARDED_AVAILABILITY = YES_AGGRESSIVE;
				CLANG_WARN_UNREACHABLE_CODE = YES;
				CLANG_WARN__DUPLICATE_METHOD_MATCH = YES;
				COPY_PHASE_STRIP = NO;
				DEBUG_INFORMATION_FORMAT = dwarf;
				ENABLE_STRICT_OBJC_MSGSEND = YES;
				ENABLE_TESTABILITY = YES;
				GCC_C_LANGUAGE_STANDARD = gnu11;
				GCC_DYNAMIC_NO_PIC = NO;
				GCC_NO_COMMON_BLOCKS = YES;
				GCC_OPTIMIZATION_LEVEL = 0;
				GCC_PREPROCESSOR_DEFINITIONS = (
					"DEBUG=1",
					"$(inherited)",
				);
				GCC_WARN_64_TO_32_BIT_CONVERSION = YES;
				GCC_WARN_ABOUT_RETURN_TYPE = YES_ERROR;
				GCC_WARN_UNDECLARED_SELECTOR = YES;
				GCC_WARN_UNINITIALIZED_AUTOS = YES_AGGRESSIVE;
				GCC_WARN_UNUSED_FUNCTION = YES;
				GCC_WARN_UNUSED_VARIABLE = YES;
				IPHONEOS_DEPLOYMENT_TARGET = 13.4;
				MTL_ENABLE_DEBUG_INFO = INCLUDE_SOURCE;
				MTL_FAST_MATH = YES;
				ONLY_ACTIVE_ARCH = YES;
				SDKROOT = iphoneos;
				SWIFT_ACTIVE_COMPILATION_CONDITIONS = DEBUG;
				SWIFT_OPTIMIZATION_LEVEL = "-Onone";
			};
			name = Debug;
		};
		48752BE02486779800AF98A4 /* Release */ = {
			isa = XCBuildConfiguration;
			buildSettings = {
				ALWAYS_SEARCH_USER_PATHS = NO;
				CLANG_ANALYZER_NONNULL = YES;
				CLANG_ANALYZER_NUMBER_OBJECT_CONVERSION = YES_AGGRESSIVE;
				CLANG_CXX_LANGUAGE_STANDARD = "gnu++14";
				CLANG_CXX_LIBRARY = "libc++";
				CLANG_ENABLE_MODULES = YES;
				CLANG_ENABLE_OBJC_ARC = YES;
				CLANG_ENABLE_OBJC_WEAK = YES;
				CLANG_WARN_BLOCK_CAPTURE_AUTORELEASING = YES;
				CLANG_WARN_BOOL_CONVERSION = YES;
				CLANG_WARN_COMMA = YES;
				CLANG_WARN_CONSTANT_CONVERSION = YES;
				CLANG_WARN_DEPRECATED_OBJC_IMPLEMENTATIONS = YES;
				CLANG_WARN_DIRECT_OBJC_ISA_USAGE = YES_ERROR;
				CLANG_WARN_DOCUMENTATION_COMMENTS = YES;
				CLANG_WARN_EMPTY_BODY = YES;
				CLANG_WARN_ENUM_CONVERSION = YES;
				CLANG_WARN_INFINITE_RECURSION = YES;
				CLANG_WARN_INT_CONVERSION = YES;
				CLANG_WARN_NON_LITERAL_NULL_CONVERSION = YES;
				CLANG_WARN_OBJC_IMPLICIT_RETAIN_SELF = YES;
				CLANG_WARN_OBJC_LITERAL_CONVERSION = YES;
				CLANG_WARN_OBJC_ROOT_CLASS = YES_ERROR;
				CLANG_WARN_RANGE_LOOP_ANALYSIS = YES;
				CLANG_WARN_STRICT_PROTOTYPES = YES;
				CLANG_WARN_SUSPICIOUS_MOVE = YES;
				CLANG_WARN_UNGUARDED_AVAILABILITY = YES_AGGRESSIVE;
				CLANG_WARN_UNREACHABLE_CODE = YES;
				CLANG_WARN__DUPLICATE_METHOD_MATCH = YES;
				COPY_PHASE_STRIP = NO;
				DEBUG_INFORMATION_FORMAT = "dwarf-with-dsym";
				ENABLE_NS_ASSERTIONS = NO;
				ENABLE_STRICT_OBJC_MSGSEND = YES;
				GCC_C_LANGUAGE_STANDARD = gnu11;
				GCC_NO_COMMON_BLOCKS = YES;
				GCC_WARN_64_TO_32_BIT_CONVERSION = YES;
				GCC_WARN_ABOUT_RETURN_TYPE = YES_ERROR;
				GCC_WARN_UNDECLARED_SELECTOR = YES;
				GCC_WARN_UNINITIALIZED_AUTOS = YES_AGGRESSIVE;
				GCC_WARN_UNUSED_FUNCTION = YES;
				GCC_WARN_UNUSED_VARIABLE = YES;
				IPHONEOS_DEPLOYMENT_TARGET = 13.4;
				MTL_ENABLE_DEBUG_INFO = NO;
				MTL_FAST_MATH = YES;
				SDKROOT = iphoneos;
				SWIFT_COMPILATION_MODE = wholemodule;
				SWIFT_OPTIMIZATION_LEVEL = "-O";
				VALIDATE_PRODUCT = YES;
			};
			name = Release;
		};
		48752BE22486779800AF98A4 /* Debug */ = {
			isa = XCBuildConfiguration;
			baseConfigurationReference = 15E8E566598D90AB2D7A1C2E /* Pods-FourSquare.debug.xcconfig */;
			buildSettings = {
				ASSETCATALOG_COMPILER_APPICON_NAME = AppIcon;
				CODE_SIGN_STYLE = Automatic;
				INFOPLIST_FILE = FourSquare/Info.plist;
				LD_RUNPATH_SEARCH_PATHS = (
					"$(inherited)",
					"@executable_path/Frameworks",
				);
				PRODUCT_BUNDLE_IDENTIFIER = com.emil.FourSquare;
				PRODUCT_NAME = "$(TARGET_NAME)";
				SWIFT_VERSION = 5.0;
				TARGETED_DEVICE_FAMILY = "1,2";
			};
			name = Debug;
		};
		48752BE32486779800AF98A4 /* Release */ = {
			isa = XCBuildConfiguration;
			baseConfigurationReference = 4616309A19D1F1357021F09F /* Pods-FourSquare.release.xcconfig */;
			buildSettings = {
				ASSETCATALOG_COMPILER_APPICON_NAME = AppIcon;
				CODE_SIGN_STYLE = Automatic;
				INFOPLIST_FILE = FourSquare/Info.plist;
				LD_RUNPATH_SEARCH_PATHS = (
					"$(inherited)",
					"@executable_path/Frameworks",
				);
				PRODUCT_BUNDLE_IDENTIFIER = com.emil.FourSquare;
				PRODUCT_NAME = "$(TARGET_NAME)";
				SWIFT_VERSION = 5.0;
				TARGETED_DEVICE_FAMILY = "1,2";
			};
			name = Release;
		};
/* End XCBuildConfiguration section */

/* Begin XCConfigurationList section */
		48752BC82486779600AF98A4 /* Build configuration list for PBXProject "FourSquare" */ = {
			isa = XCConfigurationList;
			buildConfigurations = (
				48752BDF2486779800AF98A4 /* Debug */,
				48752BE02486779800AF98A4 /* Release */,
			);
			defaultConfigurationIsVisible = 0;
			defaultConfigurationName = Release;
		};
		48752BE12486779800AF98A4 /* Build configuration list for PBXNativeTarget "FourSquare" */ = {
			isa = XCConfigurationList;
			buildConfigurations = (
				48752BE22486779800AF98A4 /* Debug */,
				48752BE32486779800AF98A4 /* Release */,
			);
			defaultConfigurationIsVisible = 0;
			defaultConfigurationName = Release;
		};
/* End XCConfigurationList section */
	};
	rootObject = 48752BC52486779600AF98A4 /* Project object */;
}
